// !$*UTF8*$!
{
	archiveVersion = 1;
	classes = {
	};
	objectVersion = 50;
	objects = {

/* Begin PBXBuildFile section */
		1AA0DD3B209B315E00DDF0E6 /* Listing.swift in Sources */ = {isa = PBXBuildFile; fileRef = 1AA0DD3A209B315E00DDF0E6 /* Listing.swift */; };
		1AA0DD3D209B36C700DDF0E6 /* ShowSearch.json in Resources */ = {isa = PBXBuildFile; fileRef = 1AA0DD3C209B36C700DDF0E6 /* ShowSearch.json */; };
		1AA0DD3F209B36EF00DDF0E6 /* SearchResult.swift in Sources */ = {isa = PBXBuildFile; fileRef = 1AA0DD3E209B36EF00DDF0E6 /* SearchResult.swift */; };
		1AA0DD41209B375D00DDF0E6 /* ShowSearchTest.swift in Sources */ = {isa = PBXBuildFile; fileRef = 1AA0DD40209B375D00DDF0E6 /* ShowSearchTest.swift */; };
		1AA0DD43209B49E700DDF0E6 /* ListingDetailsViewController.swift in Sources */ = {isa = PBXBuildFile; fileRef = 1AA0DD42209B49E700DDF0E6 /* ListingDetailsViewController.swift */; };
		1AA9A7912099D3FE00A13E5A /* AppDelegate.swift in Sources */ = {isa = PBXBuildFile; fileRef = 1AA9A7902099D3FE00A13E5A /* AppDelegate.swift */; };
		1AA9A7962099D3FE00A13E5A /* Main.storyboard in Resources */ = {isa = PBXBuildFile; fileRef = 1AA9A7942099D3FE00A13E5A /* Main.storyboard */; };
		1AA9A7982099D3FF00A13E5A /* Assets.xcassets in Resources */ = {isa = PBXBuildFile; fileRef = 1AA9A7972099D3FF00A13E5A /* Assets.xcassets */; };
		1AA9A79B2099D3FF00A13E5A /* LaunchScreen.storyboard in Resources */ = {isa = PBXBuildFile; fileRef = 1AA9A7992099D3FF00A13E5A /* LaunchScreen.storyboard */; };
		1AA9A7B22099D50E00A13E5A /* Show.swift in Sources */ = {isa = PBXBuildFile; fileRef = 1AA9A7B12099D50E00A13E5A /* Show.swift */; };
		1AA9A7B42099D72400A13E5A /* Schedule.swift in Sources */ = {isa = PBXBuildFile; fileRef = 1AA9A7B32099D72400A13E5A /* Schedule.swift */; };
		1AA9A7B62099D82800A13E5A /* Rating.swift in Sources */ = {isa = PBXBuildFile; fileRef = 1AA9A7B52099D82800A13E5A /* Rating.swift */; };
		1AA9A7B82099DA1500A13E5A /* Externals.swift in Sources */ = {isa = PBXBuildFile; fileRef = 1AA9A7B72099DA1400A13E5A /* Externals.swift */; };
		1AA9A7BA2099DC5700A13E5A /* Network.swift in Sources */ = {isa = PBXBuildFile; fileRef = 1AA9A7B92099DC5700A13E5A /* Network.swift */; };
		1AA9A7BC2099DD0300A13E5A /* Country.swift in Sources */ = {isa = PBXBuildFile; fileRef = 1AA9A7BB2099DD0300A13E5A /* Country.swift */; };
		1AA9A7BE2099DE7300A13E5A /* Image.swift in Sources */ = {isa = PBXBuildFile; fileRef = 1AA9A7BD2099DE7200A13E5A /* Image.swift */; };
		1AA9A7C22099E1DA00A13E5A /* WebChannel.swift in Sources */ = {isa = PBXBuildFile; fileRef = 1AA9A7C12099E1DA00A13E5A /* WebChannel.swift */; };
		1ABC81D9209BA14500A706B6 /* DatePickerViewController.swift in Sources */ = {isa = PBXBuildFile; fileRef = 1ABC81D8209BA14500A706B6 /* DatePickerViewController.swift */; };
		1ACC9B36209A15D000FBA1AB /* Schedule.json in Resources */ = {isa = PBXBuildFile; fileRef = 1ACC9B35209A15D000FBA1AB /* Schedule.json */; };
		1ACC9B39209A163B00FBA1AB /* ScheduleTest.swift in Sources */ = {isa = PBXBuildFile; fileRef = 1ACC9B38209A163B00FBA1AB /* ScheduleTest.swift */; };
		1ACC9B3E209A3E8B00FBA1AB /* TVMazeClient.swift in Sources */ = {isa = PBXBuildFile; fileRef = 1ACC9B3D209A3E8B00FBA1AB /* TVMazeClient.swift */; };
		1ACC9B40209A4F0E00FBA1AB /* Router.swift in Sources */ = {isa = PBXBuildFile; fileRef = 1ACC9B3F209A4F0E00FBA1AB /* Router.swift */; };
		1AE48D01209A61C500B1F219 /* TimeFormatUtil.swift in Sources */ = {isa = PBXBuildFile; fileRef = 1AE48D00209A61C500B1F219 /* TimeFormatUtil.swift */; };
		1AE48D04209A64A200B1F219 /* ScheduleTableViewController.swift in Sources */ = {isa = PBXBuildFile; fileRef = 1AE48D03209A64A200B1F219 /* ScheduleTableViewController.swift */; };
/* End PBXBuildFile section */

/* Begin PBXContainerItemProxy section */
		1AA9A7A22099D3FF00A13E5A /* PBXContainerItemProxy */ = {
			isa = PBXContainerItemProxy;
			containerPortal = 1AA9A7852099D3FE00A13E5A /* Project object */;
			proxyType = 1;
			remoteGlobalIDString = 1AA9A78C2099D3FE00A13E5A;
			remoteInfo = TVSchedule;
		};
/* End PBXContainerItemProxy section */

/* Begin PBXFileReference section */
		1AA0DD3A209B315E00DDF0E6 /* Listing.swift */ = {isa = PBXFileReference; lastKnownFileType = sourcecode.swift; path = Listing.swift; sourceTree = "<group>"; };
		1AA0DD3C209B36C700DDF0E6 /* ShowSearch.json */ = {isa = PBXFileReference; lastKnownFileType = text.json; path = ShowSearch.json; sourceTree = "<group>"; };
		1AA0DD3E209B36EF00DDF0E6 /* SearchResult.swift */ = {isa = PBXFileReference; lastKnownFileType = sourcecode.swift; path = SearchResult.swift; sourceTree = "<group>"; };
		1AA0DD40209B375D00DDF0E6 /* ShowSearchTest.swift */ = {isa = PBXFileReference; lastKnownFileType = sourcecode.swift; path = ShowSearchTest.swift; sourceTree = "<group>"; };
		1AA0DD42209B49E700DDF0E6 /* ListingDetailsViewController.swift */ = {isa = PBXFileReference; lastKnownFileType = sourcecode.swift; path = ListingDetailsViewController.swift; sourceTree = "<group>"; };
		1AA9A78D2099D3FE00A13E5A /* TVSchedule.app */ = {isa = PBXFileReference; explicitFileType = wrapper.application; includeInIndex = 0; path = TVSchedule.app; sourceTree = BUILT_PRODUCTS_DIR; };
		1AA9A7902099D3FE00A13E5A /* AppDelegate.swift */ = {isa = PBXFileReference; lastKnownFileType = sourcecode.swift; path = AppDelegate.swift; sourceTree = "<group>"; };
		1AA9A7952099D3FE00A13E5A /* Base */ = {isa = PBXFileReference; lastKnownFileType = file.storyboard; name = Base; path = Base.lproj/Main.storyboard; sourceTree = "<group>"; };
		1AA9A7972099D3FF00A13E5A /* Assets.xcassets */ = {isa = PBXFileReference; lastKnownFileType = folder.assetcatalog; path = Assets.xcassets; sourceTree = "<group>"; };
		1AA9A79A2099D3FF00A13E5A /* Base */ = {isa = PBXFileReference; lastKnownFileType = file.storyboard; name = Base; path = Base.lproj/LaunchScreen.storyboard; sourceTree = "<group>"; };
		1AA9A79C2099D3FF00A13E5A /* Info.plist */ = {isa = PBXFileReference; lastKnownFileType = text.plist.xml; path = Info.plist; sourceTree = "<group>"; };
		1AA9A7A12099D3FF00A13E5A /* TVScheduleTests.xctest */ = {isa = PBXFileReference; explicitFileType = wrapper.cfbundle; includeInIndex = 0; path = TVScheduleTests.xctest; sourceTree = BUILT_PRODUCTS_DIR; };
		1AA9A7A72099D3FF00A13E5A /* Info.plist */ = {isa = PBXFileReference; lastKnownFileType = text.plist.xml; path = Info.plist; sourceTree = "<group>"; };
		1AA9A7B12099D50E00A13E5A /* Show.swift */ = {isa = PBXFileReference; lastKnownFileType = sourcecode.swift; path = Show.swift; sourceTree = "<group>"; };
		1AA9A7B32099D72400A13E5A /* Schedule.swift */ = {isa = PBXFileReference; lastKnownFileType = sourcecode.swift; path = Schedule.swift; sourceTree = "<group>"; };
		1AA9A7B52099D82800A13E5A /* Rating.swift */ = {isa = PBXFileReference; lastKnownFileType = sourcecode.swift; path = Rating.swift; sourceTree = "<group>"; };
		1AA9A7B72099DA1400A13E5A /* Externals.swift */ = {isa = PBXFileReference; lastKnownFileType = sourcecode.swift; path = Externals.swift; sourceTree = "<group>"; };
		1AA9A7B92099DC5700A13E5A /* Network.swift */ = {isa = PBXFileReference; lastKnownFileType = sourcecode.swift; path = Network.swift; sourceTree = "<group>"; };
		1AA9A7BB2099DD0300A13E5A /* Country.swift */ = {isa = PBXFileReference; lastKnownFileType = sourcecode.swift; path = Country.swift; sourceTree = "<group>"; };
		1AA9A7BD2099DE7200A13E5A /* Image.swift */ = {isa = PBXFileReference; lastKnownFileType = sourcecode.swift; path = Image.swift; sourceTree = "<group>"; };
		1AA9A7C12099E1DA00A13E5A /* WebChannel.swift */ = {isa = PBXFileReference; lastKnownFileType = sourcecode.swift; path = WebChannel.swift; sourceTree = "<group>"; };
		1ABC81D8209BA14500A706B6 /* DatePickerViewController.swift */ = {isa = PBXFileReference; lastKnownFileType = sourcecode.swift; path = DatePickerViewController.swift; sourceTree = "<group>"; };
		1ACC9B35209A15D000FBA1AB /* Schedule.json */ = {isa = PBXFileReference; lastKnownFileType = text.json; path = Schedule.json; sourceTree = "<group>"; };
		1ACC9B38209A163B00FBA1AB /* ScheduleTest.swift */ = {isa = PBXFileReference; lastKnownFileType = sourcecode.swift; path = ScheduleTest.swift; sourceTree = "<group>"; };
		1ACC9B3D209A3E8B00FBA1AB /* TVMazeClient.swift */ = {isa = PBXFileReference; lastKnownFileType = sourcecode.swift; path = TVMazeClient.swift; sourceTree = "<group>"; };
		1ACC9B3F209A4F0E00FBA1AB /* Router.swift */ = {isa = PBXFileReference; lastKnownFileType = sourcecode.swift; path = Router.swift; sourceTree = "<group>"; };
		1AE48D00209A61C500B1F219 /* TimeFormatUtil.swift */ = {isa = PBXFileReference; lastKnownFileType = sourcecode.swift; path = TimeFormatUtil.swift; sourceTree = "<group>"; };
		1AE48D03209A64A200B1F219 /* ScheduleTableViewController.swift */ = {isa = PBXFileReference; lastKnownFileType = sourcecode.swift; path = ScheduleTableViewController.swift; sourceTree = "<group>"; };
/* End PBXFileReference section */

/* Begin PBXFrameworksBuildPhase section */
		1AA9A78A2099D3FE00A13E5A /* Frameworks */ = {
			isa = PBXFrameworksBuildPhase;
			buildActionMask = 2147483647;
			files = (
			);
			runOnlyForDeploymentPostprocessing = 0;
		};
		1AA9A79E2099D3FF00A13E5A /* Frameworks */ = {
			isa = PBXFrameworksBuildPhase;
			buildActionMask = 2147483647;
			files = (
			);
			runOnlyForDeploymentPostprocessing = 0;
		};
/* End PBXFrameworksBuildPhase section */

/* Begin PBXGroup section */
		1AA9A7842099D3FE00A13E5A = {
			isa = PBXGroup;
			children = (
				1AA9A78F2099D3FE00A13E5A /* TVSchedule */,
				1AA9A7A42099D3FF00A13E5A /* TVScheduleTests */,
				1AA9A78E2099D3FE00A13E5A /* Products */,
			);
			sourceTree = "<group>";
		};
		1AA9A78E2099D3FE00A13E5A /* Products */ = {
			isa = PBXGroup;
			children = (
				1AA9A78D2099D3FE00A13E5A /* TVSchedule.app */,
				1AA9A7A12099D3FF00A13E5A /* TVScheduleTests.xctest */,
			);
			name = Products;
			sourceTree = "<group>";
		};
		1AA9A78F2099D3FE00A13E5A /* TVSchedule */ = {
			isa = PBXGroup;
			children = (
				1AE48D02209A645300B1F219 /* Controllers */,
				1ACC9B3C209A3DDC00FBA1AB /* API */,
				1AE48CFF209A618600B1F219 /* Util */,
				1AA9A7902099D3FE00A13E5A /* AppDelegate.swift */,
				1AA9A7942099D3FE00A13E5A /* Main.storyboard */,
				1AA9A7972099D3FF00A13E5A /* Assets.xcassets */,
				1AA9A7992099D3FF00A13E5A /* LaunchScreen.storyboard */,
				1AA9A79C2099D3FF00A13E5A /* Info.plist */,
			);
			path = TVSchedule;
			sourceTree = "<group>";
		};
		1AA9A7A42099D3FF00A13E5A /* TVScheduleTests */ = {
			isa = PBXGroup;
			children = (
				1ACC9B37209A161900FBA1AB /* Model */,
				1ACC9B34209A159E00FBA1AB /* Resources */,
				1AA9A7A72099D3FF00A13E5A /* Info.plist */,
			);
			path = TVScheduleTests;
			sourceTree = "<group>";
		};
		1AA9A7B02099D4A300A13E5A /* Model */ = {
			isa = PBXGroup;
			children = (
				1AA0DD3A209B315E00DDF0E6 /* Listing.swift */,
				1AA9A7B12099D50E00A13E5A /* Show.swift */,
				1AA9A7B32099D72400A13E5A /* Schedule.swift */,
				1AA9A7B52099D82800A13E5A /* Rating.swift */,
				1AA9A7B92099DC5700A13E5A /* Network.swift */,
				1AA9A7BB2099DD0300A13E5A /* Country.swift */,
				1AA9A7B72099DA1400A13E5A /* Externals.swift */,
				1AA9A7BD2099DE7200A13E5A /* Image.swift */,
				1AA9A7C12099E1DA00A13E5A /* WebChannel.swift */,
				1AA0DD3E209B36EF00DDF0E6 /* SearchResult.swift */,
			);
			path = Model;
			sourceTree = "<group>";
		};
		1ACC9B34209A159E00FBA1AB /* Resources */ = {
			isa = PBXGroup;
			children = (
				1ACC9B35209A15D000FBA1AB /* Schedule.json */,
				1AA0DD3C209B36C700DDF0E6 /* ShowSearch.json */,
			);
			path = Resources;
			sourceTree = "<group>";
		};
		1ACC9B37209A161900FBA1AB /* Model */ = {
			isa = PBXGroup;
			children = (
				1ACC9B38209A163B00FBA1AB /* ScheduleTest.swift */,
				1AA0DD40209B375D00DDF0E6 /* ShowSearchTest.swift */,
			);
			path = Model;
			sourceTree = "<group>";
		};
		1ACC9B3C209A3DDC00FBA1AB /* API */ = {
			isa = PBXGroup;
			children = (
				1ACC9B3F209A4F0E00FBA1AB /* Router.swift */,
				1ACC9B3D209A3E8B00FBA1AB /* TVMazeClient.swift */,
				1AA9A7B02099D4A300A13E5A /* Model */,
			);
			path = API;
			sourceTree = "<group>";
		};
		1AE48CFF209A618600B1F219 /* Util */ = {
			isa = PBXGroup;
			children = (
				1AE48D00209A61C500B1F219 /* TimeFormatUtil.swift */,
			);
			path = Util;
			sourceTree = "<group>";
		};
		1AE48D02209A645300B1F219 /* Controllers */ = {
			isa = PBXGroup;
			children = (
				1AE48D03209A64A200B1F219 /* ScheduleTableViewController.swift */,
				1AA0DD42209B49E700DDF0E6 /* ListingDetailsViewController.swift */,
				1ABC81D8209BA14500A706B6 /* DatePickerViewController.swift */,
			);
			path = Controllers;
			sourceTree = "<group>";
		};
/* End PBXGroup section */

/* Begin PBXNativeTarget section */
		1AA9A78C2099D3FE00A13E5A /* TVSchedule */ = {
			isa = PBXNativeTarget;
			buildConfigurationList = 1AA9A7AA2099D3FF00A13E5A /* Build configuration list for PBXNativeTarget "TVSchedule" */;
			buildPhases = (
				1AA9A7892099D3FE00A13E5A /* Sources */,
				1AA9A78A2099D3FE00A13E5A /* Frameworks */,
				1AA9A78B2099D3FE00A13E5A /* Resources */,
			);
			buildRules = (
			);
			dependencies = (
			);
			name = TVSchedule;
			productName = TVSchedule;
			productReference = 1AA9A78D2099D3FE00A13E5A /* TVSchedule.app */;
			productType = "com.apple.product-type.application";
		};
		1AA9A7A02099D3FF00A13E5A /* TVScheduleTests */ = {
			isa = PBXNativeTarget;
			buildConfigurationList = 1AA9A7AD2099D3FF00A13E5A /* Build configuration list for PBXNativeTarget "TVScheduleTests" */;
			buildPhases = (
				1AA9A79D2099D3FF00A13E5A /* Sources */,
				1AA9A79E2099D3FF00A13E5A /* Frameworks */,
				1AA9A79F2099D3FF00A13E5A /* Resources */,
			);
			buildRules = (
			);
			dependencies = (
				1AA9A7A32099D3FF00A13E5A /* PBXTargetDependency */,
			);
			name = TVScheduleTests;
			productName = TVScheduleTests;
			productReference = 1AA9A7A12099D3FF00A13E5A /* TVScheduleTests.xctest */;
			productType = "com.apple.product-type.bundle.unit-test";
		};
/* End PBXNativeTarget section */

/* Begin PBXProject section */
		1AA9A7852099D3FE00A13E5A /* Project object */ = {
			isa = PBXProject;
			attributes = {
				LastSwiftUpdateCheck = 0930;
				LastUpgradeCheck = 0930;
				ORGANIZATIONNAME = Kelley;
				TargetAttributes = {
					1AA9A78C2099D3FE00A13E5A = {
						CreatedOnToolsVersion = 9.3;
					};
					1AA9A7A02099D3FF00A13E5A = {
						CreatedOnToolsVersion = 9.3;
						TestTargetID = 1AA9A78C2099D3FE00A13E5A;
					};
				};
			};
			buildConfigurationList = 1AA9A7882099D3FE00A13E5A /* Build configuration list for PBXProject "TVSchedule" */;
			compatibilityVersion = "Xcode 9.3";
			developmentRegion = en;
			hasScannedForEncodings = 0;
			knownRegions = (
				en,
				Base,
			);
			mainGroup = 1AA9A7842099D3FE00A13E5A;
			productRefGroup = 1AA9A78E2099D3FE00A13E5A /* Products */;
			projectDirPath = "";
			projectRoot = "";
			targets = (
				1AA9A78C2099D3FE00A13E5A /* TVSchedule */,
				1AA9A7A02099D3FF00A13E5A /* TVScheduleTests */,
			);
		};
/* End PBXProject section */

/* Begin PBXResourcesBuildPhase section */
		1AA9A78B2099D3FE00A13E5A /* Resources */ = {
			isa = PBXResourcesBuildPhase;
			buildActionMask = 2147483647;
			files = (
				1AA9A79B2099D3FF00A13E5A /* LaunchScreen.storyboard in Resources */,
				1AA9A7982099D3FF00A13E5A /* Assets.xcassets in Resources */,
				1AA9A7962099D3FE00A13E5A /* Main.storyboard in Resources */,
			);
			runOnlyForDeploymentPostprocessing = 0;
		};
		1AA9A79F2099D3FF00A13E5A /* Resources */ = {
			isa = PBXResourcesBuildPhase;
			buildActionMask = 2147483647;
			files = (
				1AA0DD3D209B36C700DDF0E6 /* ShowSearch.json in Resources */,
				1ACC9B36209A15D000FBA1AB /* Schedule.json in Resources */,
			);
			runOnlyForDeploymentPostprocessing = 0;
		};
/* End PBXResourcesBuildPhase section */

/* Begin PBXSourcesBuildPhase section */
		1AA9A7892099D3FE00A13E5A /* Sources */ = {
			isa = PBXSourcesBuildPhase;
			buildActionMask = 2147483647;
			files = (
				1AA9A7B22099D50E00A13E5A /* Show.swift in Sources */,
				1AA9A7BE2099DE7300A13E5A /* Image.swift in Sources */,
				1AA9A7B62099D82800A13E5A /* Rating.swift in Sources */,
				1AE48D04209A64A200B1F219 /* ScheduleTableViewController.swift in Sources */,
				1ACC9B40209A4F0E00FBA1AB /* Router.swift in Sources */,
				1AA9A7C22099E1DA00A13E5A /* WebChannel.swift in Sources */,
				1AA9A7B42099D72400A13E5A /* Schedule.swift in Sources */,
				1AA0DD3F209B36EF00DDF0E6 /* SearchResult.swift in Sources */,
				1AA9A7BC2099DD0300A13E5A /* Country.swift in Sources */,
				1AA0DD3B209B315E00DDF0E6 /* Listing.swift in Sources */,
				1ACC9B3E209A3E8B00FBA1AB /* TVMazeClient.swift in Sources */,
				1AE48D01209A61C500B1F219 /* TimeFormatUtil.swift in Sources */,
				1ABC81D9209BA14500A706B6 /* DatePickerViewController.swift in Sources */,
				1AA0DD43209B49E700DDF0E6 /* ListingDetailsViewController.swift in Sources */,
				1AA9A7B82099DA1500A13E5A /* Externals.swift in Sources */,
				1AA9A7BA2099DC5700A13E5A /* Network.swift in Sources */,
				1AA9A7912099D3FE00A13E5A /* AppDelegate.swift in Sources */,
			);
			runOnlyForDeploymentPostprocessing = 0;
		};
		1AA9A79D2099D3FF00A13E5A /* Sources */ = {
			isa = PBXSourcesBuildPhase;
			buildActionMask = 2147483647;
			files = (
				1AA0DD41209B375D00DDF0E6 /* ShowSearchTest.swift in Sources */,
				1ACC9B39209A163B00FBA1AB /* ScheduleTest.swift in Sources */,
			);
			runOnlyForDeploymentPostprocessing = 0;
		};
/* End PBXSourcesBuildPhase section */

/* Begin PBXTargetDependency section */
		1AA9A7A32099D3FF00A13E5A /* PBXTargetDependency */ = {
			isa = PBXTargetDependency;
			target = 1AA9A78C2099D3FE00A13E5A /* TVSchedule */;
			targetProxy = 1AA9A7A22099D3FF00A13E5A /* PBXContainerItemProxy */;
		};
/* End PBXTargetDependency section */

/* Begin PBXVariantGroup section */
		1AA9A7942099D3FE00A13E5A /* Main.storyboard */ = {
			isa = PBXVariantGroup;
			children = (
				1AA9A7952099D3FE00A13E5A /* Base */,
			);
			name = Main.storyboard;
			sourceTree = "<group>";
		};
		1AA9A7992099D3FF00A13E5A /* LaunchScreen.storyboard */ = {
			isa = PBXVariantGroup;
			children = (
				1AA9A79A2099D3FF00A13E5A /* Base */,
			);
			name = LaunchScreen.storyboard;
			sourceTree = "<group>";
		};
/* End PBXVariantGroup section */

/* Begin XCBuildConfiguration section */
		1AA9A7A82099D3FF00A13E5A /* Debug */ = {
			isa = XCBuildConfiguration;
			buildSettings = {
				ALWAYS_SEARCH_USER_PATHS = NO;
				CLANG_ANALYZER_NONNULL = YES;
				CLANG_ANALYZER_NUMBER_OBJECT_CONVERSION = YES_AGGRESSIVE;
				CLANG_CXX_LANGUAGE_STANDARD = "gnu++14";
				CLANG_CXX_LIBRARY = "libc++";
				CLANG_ENABLE_MODULES = YES;
				CLANG_ENABLE_OBJC_ARC = YES;
				CLANG_ENABLE_OBJC_WEAK = YES;
				CLANG_WARN_BLOCK_CAPTURE_AUTORELEASING = YES;
				CLANG_WARN_BOOL_CONVERSION = YES;
				CLANG_WARN_COMMA = YES;
				CLANG_WARN_CONSTANT_CONVERSION = YES;
				CLANG_WARN_DEPRECATED_OBJC_IMPLEMENTATIONS = YES;
				CLANG_WARN_DIRECT_OBJC_ISA_USAGE = YES_ERROR;
				CLANG_WARN_DOCUMENTATION_COMMENTS = YES;
				CLANG_WARN_EMPTY_BODY = YES;
				CLANG_WARN_ENUM_CONVERSION = YES;
				CLANG_WARN_INFINITE_RECURSION = YES;
				CLANG_WARN_INT_CONVERSION = YES;
				CLANG_WARN_NON_LITERAL_NULL_CONVERSION = YES;
				CLANG_WARN_OBJC_IMPLICIT_RETAIN_SELF = YES;
				CLANG_WARN_OBJC_LITERAL_CONVERSION = YES;
				CLANG_WARN_OBJC_ROOT_CLASS = YES_ERROR;
				CLANG_WARN_RANGE_LOOP_ANALYSIS = YES;
				CLANG_WARN_STRICT_PROTOTYPES = YES;
				CLANG_WARN_SUSPICIOUS_MOVE = YES;
				CLANG_WARN_UNGUARDED_AVAILABILITY = YES_AGGRESSIVE;
				CLANG_WARN_UNREACHABLE_CODE = YES;
				CLANG_WARN__DUPLICATE_METHOD_MATCH = YES;
				CODE_SIGN_IDENTITY = "iPhone Developer";
				COPY_PHASE_STRIP = NO;
				DEBUG_INFORMATION_FORMAT = dwarf;
				ENABLE_STRICT_OBJC_MSGSEND = YES;
				ENABLE_TESTABILITY = YES;
				GCC_C_LANGUAGE_STANDARD = gnu11;
				GCC_DYNAMIC_NO_PIC = NO;
				GCC_NO_COMMON_BLOCKS = YES;
				GCC_OPTIMIZATION_LEVEL = 0;
				GCC_PREPROCESSOR_DEFINITIONS = (
					"DEBUG=1",
					"$(inherited)",
				);
				GCC_WARN_64_TO_32_BIT_CONVERSION = YES;
				GCC_WARN_ABOUT_RETURN_TYPE = YES_ERROR;
				GCC_WARN_UNDECLARED_SELECTOR = YES;
				GCC_WARN_UNINITIALIZED_AUTOS = YES_AGGRESSIVE;
				GCC_WARN_UNUSED_FUNCTION = YES;
				GCC_WARN_UNUSED_VARIABLE = YES;
				IPHONEOS_DEPLOYMENT_TARGET = 11.3;
				MTL_ENABLE_DEBUG_INFO = YES;
				ONLY_ACTIVE_ARCH = YES;
				SDKROOT = iphoneos;
				SWIFT_ACTIVE_COMPILATION_CONDITIONS = DEBUG;
				SWIFT_OPTIMIZATION_LEVEL = "-Onone";
			};
			name = Debug;
		};
		1AA9A7A92099D3FF00A13E5A /* Release */ = {
			isa = XCBuildConfiguration;
			buildSettings = {
				ALWAYS_SEARCH_USER_PATHS = NO;
				CLANG_ANALYZER_NONNULL = YES;
				CLANG_ANALYZER_NUMBER_OBJECT_CONVERSION = YES_AGGRESSIVE;
				CLANG_CXX_LANGUAGE_STANDARD = "gnu++14";
				CLANG_CXX_LIBRARY = "libc++";
				CLANG_ENABLE_MODULES = YES;
				CLANG_ENABLE_OBJC_ARC = YES;
				CLANG_ENABLE_OBJC_WEAK = YES;
				CLANG_WARN_BLOCK_CAPTURE_AUTORELEASING = YES;
				CLANG_WARN_BOOL_CONVERSION = YES;
				CLANG_WARN_COMMA = YES;
				CLANG_WARN_CONSTANT_CONVERSION = YES;
				CLANG_WARN_DEPRECATED_OBJC_IMPLEMENTATIONS = YES;
				CLANG_WARN_DIRECT_OBJC_ISA_USAGE = YES_ERROR;
				CLANG_WARN_DOCUMENTATION_COMMENTS = YES;
				CLANG_WARN_EMPTY_BODY = YES;
				CLANG_WARN_ENUM_CONVERSION = YES;
				CLANG_WARN_INFINITE_RECURSION = YES;
				CLANG_WARN_INT_CONVERSION = YES;
				CLANG_WARN_NON_LITERAL_NULL_CONVERSION = YES;
				CLANG_WARN_OBJC_IMPLICIT_RETAIN_SELF = YES;
				CLANG_WARN_OBJC_LITERAL_CONVERSION = YES;
				CLANG_WARN_OBJC_ROOT_CLASS = YES_ERROR;
				CLANG_WARN_RANGE_LOOP_ANALYSIS = YES;
				CLANG_WARN_STRICT_PROTOTYPES = YES;
				CLANG_WARN_SUSPICIOUS_MOVE = YES;
				CLANG_WARN_UNGUARDED_AVAILABILITY = YES_AGGRESSIVE;
				CLANG_WARN_UNREACHABLE_CODE = YES;
				CLANG_WARN__DUPLICATE_METHOD_MATCH = YES;
				CODE_SIGN_IDENTITY = "iPhone Developer";
				COPY_PHASE_STRIP = NO;
				DEBUG_INFORMATION_FORMAT = "dwarf-with-dsym";
				ENABLE_NS_ASSERTIONS = NO;
				ENABLE_STRICT_OBJC_MSGSEND = YES;
				GCC_C_LANGUAGE_STANDARD = gnu11;
				GCC_NO_COMMON_BLOCKS = YES;
				GCC_WARN_64_TO_32_BIT_CONVERSION = YES;
				GCC_WARN_ABOUT_RETURN_TYPE = YES_ERROR;
				GCC_WARN_UNDECLARED_SELECTOR = YES;
				GCC_WARN_UNINITIALIZED_AUTOS = YES_AGGRESSIVE;
				GCC_WARN_UNUSED_FUNCTION = YES;
				GCC_WARN_UNUSED_VARIABLE = YES;
				IPHONEOS_DEPLOYMENT_TARGET = 11.3;
				MTL_ENABLE_DEBUG_INFO = NO;
				SDKROOT = iphoneos;
				SWIFT_COMPILATION_MODE = wholemodule;
				SWIFT_OPTIMIZATION_LEVEL = "-O";
				VALIDATE_PRODUCT = YES;
			};
			name = Release;
		};
		1AA9A7AB2099D3FF00A13E5A /* Debug */ = {
			isa = XCBuildConfiguration;
			buildSettings = {
				ASSETCATALOG_COMPILER_APPICON_NAME = AppIcon;
				CODE_SIGN_STYLE = Automatic;
				DEVELOPMENT_TEAM = 3QM6PM3F9J;
				INFOPLIST_FILE = TVSchedule/Info.plist;
				LD_RUNPATH_SEARCH_PATHS = (
					"$(inherited)",
					"@executable_path/Frameworks",
				);
				PRODUCT_BUNDLE_IDENTIFIER = com.kelley.tvschedule.TVSchedule;
				PRODUCT_NAME = "$(TARGET_NAME)";
				SWIFT_VERSION = 4.0;
				TARGETED_DEVICE_FAMILY = "1,2";
			};
			name = Debug;
		};
		1AA9A7AC2099D3FF00A13E5A /* Release */ = {
			isa = XCBuildConfiguration;
			buildSettings = {
				ASSETCATALOG_COMPILER_APPICON_NAME = AppIcon;
				CODE_SIGN_STYLE = Automatic;
				DEVELOPMENT_TEAM = 3QM6PM3F9J;
				INFOPLIST_FILE = TVSchedule/Info.plist;
				LD_RUNPATH_SEARCH_PATHS = (
					"$(inherited)",
					"@executable_path/Frameworks",
				);
				PRODUCT_BUNDLE_IDENTIFIER = com.kelley.tvschedule.TVSchedule;
				PRODUCT_NAME = "$(TARGET_NAME)";
				SWIFT_VERSION = 4.0;
				TARGETED_DEVICE_FAMILY = "1,2";
			};
			name = Release;
		};
		1AA9A7AE2099D3FF00A13E5A /* Debug */ = {
			isa = XCBuildConfiguration;
			buildSettings = {
				ALWAYS_EMBED_SWIFT_STANDARD_LIBRARIES = YES;
				BUNDLE_LOADER = "$(TEST_HOST)";
				CODE_SIGN_STYLE = Automatic;
				DEVELOPMENT_TEAM = 3QM6PM3F9J;
				INFOPLIST_FILE = TVScheduleTests/Info.plist;
				LD_RUNPATH_SEARCH_PATHS = (
					"$(inherited)",
					"@executable_path/Frameworks",
					"@loader_path/Frameworks",
				);
				PRODUCT_BUNDLE_IDENTIFIER = com.kelley.tvschedule.TVScheduleTests;
				PRODUCT_NAME = "$(TARGET_NAME)";
				SWIFT_VERSION = 4.0;
				TARGETED_DEVICE_FAMILY = "1,2";
				TEST_HOST = "$(BUILT_PRODUCTS_DIR)/TVSchedule.app/TVSchedule";
			};
			name = Debug;
		};
		1AA9A7AF2099D3FF00A13E5A /* Release */ = {
			isa = XCBuildConfiguration;
			buildSettings = {
				ALWAYS_EMBED_SWIFT_STANDARD_LIBRARIES = YES;
				BUNDLE_LOADER = "$(TEST_HOST)";
				CODE_SIGN_STYLE = Automatic;
				DEVELOPMENT_TEAM = 3QM6PM3F9J;
				INFOPLIST_FILE = TVScheduleTests/Info.plist;
				LD_RUNPATH_SEARCH_PATHS = (
					"$(inherited)",
					"@executable_path/Frameworks",
					"@loader_path/Frameworks",
				);
				PRODUCT_BUNDLE_IDENTIFIER = com.kelley.tvschedule.TVScheduleTests;
				PRODUCT_NAME = "$(TARGET_NAME)";
				SWIFT_VERSION = 4.0;
				TARGETED_DEVICE_FAMILY = "1,2";
				TEST_HOST = "$(BUILT_PRODUCTS_DIR)/TVSchedule.app/TVSchedule";
			};
			name = Release;
		};
/* End XCBuildConfiguration section */

/* Begin XCConfigurationList section */
		1AA9A7882099D3FE00A13E5A /* Build configuration list for PBXProject "TVSchedule" */ = {
			isa = XCConfigurationList;
			buildConfigurations = (
				1AA9A7A82099D3FF00A13E5A /* Debug */,
				1AA9A7A92099D3FF00A13E5A /* Release */,
			);
			defaultConfigurationIsVisible = 0;
			defaultConfigurationName = Release;
		};
		1AA9A7AA2099D3FF00A13E5A /* Build configuration list for PBXNativeTarget "TVSchedule" */ = {
			isa = XCConfigurationList;
			buildConfigurations = (
				1AA9A7AB2099D3FF00A13E5A /* Debug */,
				1AA9A7AC2099D3FF00A13E5A /* Release */,
			);
			defaultConfigurationIsVisible = 0;
			defaultConfigurationName = Release;
		};
		1AA9A7AD2099D3FF00A13E5A /* Build configuration list for PBXNativeTarget "TVScheduleTests" */ = {
			isa = XCConfigurationList;
			buildConfigurations = (
				1AA9A7AE2099D3FF00A13E5A /* Debug */,
				1AA9A7AF2099D3FF00A13E5A /* Release */,
			);
			defaultConfigurationIsVisible = 0;
			defaultConfigurationName = Release;
		};
/* End XCConfigurationList section */
	};
	rootObject = 1AA9A7852099D3FE00A13E5A /* Project object */;
}
